
Microsoft Visual Studio Solution File, Format Version 11.00
# Visual Studio 2010
Project("{FAE04EC0-301F-11D3-BF4B-00C04F79EFBC}") = "BCCL", "BCCL\BCCL.csproj", "{3D233DE2-586B-49F1-8E83-86399078EAE6}"
EndProject
Project("{FAE04EC0-301F-11D3-BF4B-00C04F79EFBC}") = "BCCL.Xna", "BCCL.Xna\BCCL.Xna.csproj", "{B1417485-BD24-4A20-A931-BC8659BB33A9}"
EndProject
Global
	GlobalSection(SolutionConfigurationPlatforms) = preSolution
		Debug|Any CPU = Debug|Any CPU
		Release|Any CPU = Release|Any CPU
	EndGlobalSection
	GlobalSection(ProjectConfigurationPlatforms) = postSolution
		{3D233DE2-586B-49F1-8E83-86399078EAE6}.Debug|Any CPU.ActiveCfg = Debug|Any CPU
		{3D233DE2-586B-49F1-8E83-86399078EAE6}.Debug|Any CPU.Build.0 = Debug|Any CPU
		{3D233DE2-586B-49F1-8E83-86399078EAE6}.Release|Any CPU.ActiveCfg = Release|Any CPU
		{3D233DE2-586B-49F1-8E83-86399078EAE6}.Release|Any CPU.Build.0 = Release|Any CPU
		{B1417485-BD24-4A20-A931-BC8659BB33A9}.Debug|Any CPU.ActiveCfg = Debug|Any CPU
		{B1417485-BD24-4A20-A931-BC8659BB33A9}.Debug|Any CPU.Build.0 = Debug|Any CPU
		{B1417485-BD24-4A20-A931-BC8659BB33A9}.Release|Any CPU.ActiveCfg = Release|Any CPU
		{B1417485-BD24-4A20-A931-BC8659BB33A9}.Release|Any CPU.Build.0 = Release|Any CPU
	EndGlobalSection
	GlobalSection(SolutionProperties) = preSolution
		HideSolutionNode = FALSE
	EndGlobalSection
EndGlobal
